PODS:
  - Alamofire (5.4.3)
  - dartmazing_network (0.0.1):
    - Alamofire (~> 5.4)
    - Flutter
  - Flutter (1.0.0)

DEPENDENCIES:
  - dartmazing_network (from `.symlinks/plugins/dartmazing_network/ios`)
  - Flutter (from `Flutter`)

SPEC REPOS:
  trunk:
    - Alamofire

EXTERNAL SOURCES:
  dartmazing_network:
    :path: ".symlinks/plugins/dartmazing_network/ios"
  Flutter:
    :path: Flutter

SPEC CHECKSUMS:
  Alamofire: e447a2774a40c996748296fa2c55112fdbbc42f9
  dartmazing_network: 5ce0fa31b305ef666538fb0df0f1a2beec041951
  Flutter: f04841e97a9d0b0a8025694d0796dd46242b2854

PODFILE CHECKSUM: ef19549a9bc3046e7bb7d2fab4d021637c0c58a3

COCOAPODS: 1.15.2
