PODS:
  - Alamofire (4.9.1)
  - dartmazing_network (0.0.1):
    - Alamofire (~> 4.0)
    - Flutter
  - Flutter (1.0.0)

DEPENDENCIES:
  - dartmazing_network (from `.symlinks/plugins/dartmazing_network/ios`)
  - Flutter (from `Flutter`)

SPEC REPOS:
  trunk:
    - Alamofire

EXTERNAL SOURCES:
  dartmazing_network:
    :path: ".symlinks/plugins/dartmazing_network/ios"
  Flutter:
    :path: Flutter

SPEC CHECKSUMS:
  Alamofire: 85e8a02c69d6020a0d734f6054870d7ecb75cf18
  dartmazing_network: 3d3efa2804d99247ad90b0710ba3552da403317e
  Flutter: 0e3d915762c693b495b44d77113d4970485de6ec

PODFILE CHECKSUM: aafe91acc616949ddb318b77800a7f51bffa2a4c

COCOAPODS: 1.10.1
